
Microsoft Visual Studio Solution File, Format Version 12.00
# Visual Studio Version 17
VisualStudioVersion = 17.10.35004.147
MinimumVisualStudioVersion = 10.0.40219.1
Project("{FAE04EC0-301F-11D3-BF4B-00C04F79EFBC}") = "APIProjectForTest", "APIProjectForTest\APIProjectForTest.csproj", "{0079975F-804B-4317-BB75-98D61896B015}"
EndProject
Global
	GlobalSection(SolutionConfigurationPlatforms) = preSolution
		Debug|Any CPU = Debug|Any CPU
		Release|Any CPU = Release|Any CPU
	EndGlobalSection
	GlobalSection(ProjectConfigurationPlatforms) = postSolution
		{0079975F-804B-4317-BB75-98D61896B015}.Debug|Any CPU.ActiveCfg = Debug|Any CPU
		{0079975F-804B-4317-BB75-98D61896B015}.Debug|Any CPU.Build.0 = Debug|Any CPU
		{0079975F-804B-4317-BB75-98D61896B015}.Release|Any CPU.ActiveCfg = Release|Any CPU
		{0079975F-804B-4317-BB75-98D61896B015}.Release|Any CPU.Build.0 = Release|Any CPU
	EndGlobalSection
	GlobalSection(SolutionProperties) = preSolution
		HideSolutionNode = FALSE
	EndGlobalSection
	GlobalSection(ExtensibilityGlobals) = postSolution
		SolutionGuid = {76A72F11-D080-4E1F-94BC-F6BE8163A4CE}
	EndGlobalSection
EndGlobal
